
Microsoft Visual Studio Solution File, Format Version 12.00
# Visual Studio 2013
VisualStudioVersion = 12.0.21005.1
MinimumVisualStudioVersion = 10.0.40219.1
Project("{FAE04EC0-301F-11D3-BF4B-00C04F79EFBC}") = "Ricardo.LojaVirtual.Dominio", "Ricardo.LojaVirtual.Dominio\Ricardo.LojaVirtual.Dominio.csproj", "{B985B660-490D-401B-80CD-A0A1A39B9F26}"
EndProject
Project("{FAE04EC0-301F-11D3-BF4B-00C04F79EFBC}") = "Ricardo.LojaVirtual.Web", "Ricardo.LojaVirtual.Web\Ricardo.LojaVirtual.Web.csproj", "{78BFB3A7-1E99-4E8A-8518-3BB97364D017}"
EndProject
Project("{FAE04EC0-301F-11D3-BF4B-00C04F79EFBC}") = "Ricardo.LojaVirtual.UnitTest", "Ricardo.LojaVirtual.UnitTest\Ricardo.LojaVirtual.UnitTest.csproj", "{E7CAB905-C491-476B-9BC7-64FD1862D598}"
EndProject
Global
	GlobalSection(SolutionConfigurationPlatforms) = preSolution
		Debug|Any CPU = Debug|Any CPU
		Release|Any CPU = Release|Any CPU
	EndGlobalSection
	GlobalSection(ProjectConfigurationPlatforms) = postSolution
		{B985B660-490D-401B-80CD-A0A1A39B9F26}.Debug|Any CPU.ActiveCfg = Debug|Any CPU
		{B985B660-490D-401B-80CD-A0A1A39B9F26}.Debug|Any CPU.Build.0 = Debug|Any CPU
		{B985B660-490D-401B-80CD-A0A1A39B9F26}.Release|Any CPU.ActiveCfg = Release|Any CPU
		{B985B660-490D-401B-80CD-A0A1A39B9F26}.Release|Any CPU.Build.0 = Release|Any CPU
		{78BFB3A7-1E99-4E8A-8518-3BB97364D017}.Debug|Any CPU.ActiveCfg = Debug|Any CPU
		{78BFB3A7-1E99-4E8A-8518-3BB97364D017}.Debug|Any CPU.Build.0 = Debug|Any CPU
		{78BFB3A7-1E99-4E8A-8518-3BB97364D017}.Release|Any CPU.ActiveCfg = Release|Any CPU
		{78BFB3A7-1E99-4E8A-8518-3BB97364D017}.Release|Any CPU.Build.0 = Release|Any CPU
		{E7CAB905-C491-476B-9BC7-64FD1862D598}.Debug|Any CPU.ActiveCfg = Debug|Any CPU
		{E7CAB905-C491-476B-9BC7-64FD1862D598}.Debug|Any CPU.Build.0 = Debug|Any CPU
		{E7CAB905-C491-476B-9BC7-64FD1862D598}.Release|Any CPU.ActiveCfg = Release|Any CPU
		{E7CAB905-C491-476B-9BC7-64FD1862D598}.Release|Any CPU.Build.0 = Release|Any CPU
	EndGlobalSection
	GlobalSection(SolutionProperties) = preSolution
		HideSolutionNode = FALSE
	EndGlobalSection
EndGlobal
